
Microsoft Visual Studio Solution File, Format Version 12.00
# Visual Studio Version 17
VisualStudioVersion = 17.3.32825.248
MinimumVisualStudioVersion = 10.0.40219.1
Project("{9A19103F-16F7-4668-BE54-9A1E7A4F7556}") = "AdvancedFeatues.Subclasses", "AdvancedFeatues.Subclasses\AdvancedFeatues.Subclasses.csproj", "{8E30F79F-7E6C-44C8-90A1-4DFF1466A5AE}"
EndProject
Project("{9A19103F-16F7-4668-BE54-9A1E7A4F7556}") = "AdvancedFeatures.Polymorphism", "AdvancedFeatures.Polymorphism\AdvancedFeatures.Polymorphism.csproj", "{112EE0D3-E07A-4B6B-BE23-C503185E9AAD}"
EndProject
Project("{2150E333-8FDC-42A3-9474-1A3956D46DE8}") = "Exercises", "Exercises", "{0C5BDD56-C5D5-4109-8FD6-ED30C34C9DE3}"
	ProjectSection(SolutionItems) = preProject
		Photo Album.txt = Photo Album.txt
		Show Room.txt = Show Room.txt
	EndProjectSection
EndProject
Project("{9A19103F-16F7-4668-BE54-9A1E7A4F7556}") = "AdvancedFeatues.Interface", "AdvancedFeatues.Interface\AdvancedFeatues.Interface.csproj", "{B76670E6-B392-4686-8092-11E3DB589B5F}"
EndProject
Project("{9A19103F-16F7-4668-BE54-9A1E7A4F7556}") = "AdvancedFeatures.Exceptions", "AdvancedFeatures.Exceptions\AdvancedFeatures.Exceptions.csproj", "{8CC4FBF4-7275-4B1C-BCEB-58B1BB95A8EB}"
EndProject
Project("{9A19103F-16F7-4668-BE54-9A1E7A4F7556}") = "AdvancedFeatures.Collections", "AdvancedFeatures.Collections\AdvancedFeatures.Collections.csproj", "{1480CB1E-53B3-48DC-A83A-E499D6AC3CB2}"
EndProject
Project("{9A19103F-16F7-4668-BE54-9A1E7A4F7556}") = "Generics", "Atributes\Generics.csproj", "{820512FD-9210-4C24-BC2F-C2BB56CDE940}"
EndProject
Project("{9A19103F-16F7-4668-BE54-9A1E7A4F7556}") = "IntSquare", "IntSquare\IntSquare.csproj", "{7D64B572-8BCD-4D21-BF70-1F4F8D9F63EF}"
EndProject
Project("{9A19103F-16F7-4668-BE54-9A1E7A4F7556}") = "TASK4.Solution", "TASK4.Solution\TASK4.Solution.csproj", "{289B115E-BB67-4F44-9BC4-D6E1DB2C3B26}"
EndProject
Project("{9A19103F-16F7-4668-BE54-9A1E7A4F7556}") = "Advance.Features.Presantation.Async", "AdvancedFeatues.Presantation.One\Advance.Features.Presantation.Async\Advance.Features.Presantation.Async.csproj", "{A288F1CC-E336-4379-A426-066B163A5FC7}"
EndProject
Project("{9A19103F-16F7-4668-BE54-9A1E7A4F7556}") = "Task8.Array", "Task8.Array\Task8.Array.csproj", "{43A27BF6-25A5-4CD2-8C70-95C5350E562B}"
EndProject
Project("{9A19103F-16F7-4668-BE54-9A1E7A4F7556}") = "Task2", "Task2\Task2.csproj", "{BD961C32-FD39-4B67-8117-7FFA8AC8E6C2}"
EndProject
Project("{FAE04EC0-301F-11D3-BF4B-00C04F79EFBC}") = "List of students", "List of students\List of students.csproj", "{DCF4E030-6FC7-4524-848B-C69A18BD4A34}"
EndProject
Global
	GlobalSection(SolutionConfigurationPlatforms) = preSolution
		Debug|Any CPU = Debug|Any CPU
		Release|Any CPU = Release|Any CPU
	EndGlobalSection
	GlobalSection(ProjectConfigurationPlatforms) = postSolution
		{8E30F79F-7E6C-44C8-90A1-4DFF1466A5AE}.Debug|Any CPU.ActiveCfg = Debug|Any CPU
		{8E30F79F-7E6C-44C8-90A1-4DFF1466A5AE}.Debug|Any CPU.Build.0 = Debug|Any CPU
		{8E30F79F-7E6C-44C8-90A1-4DFF1466A5AE}.Release|Any CPU.ActiveCfg = Release|Any CPU
		{8E30F79F-7E6C-44C8-90A1-4DFF1466A5AE}.Release|Any CPU.Build.0 = Release|Any CPU
		{112EE0D3-E07A-4B6B-BE23-C503185E9AAD}.Debug|Any CPU.ActiveCfg = Debug|Any CPU
		{112EE0D3-E07A-4B6B-BE23-C503185E9AAD}.Debug|Any CPU.Build.0 = Debug|Any CPU
		{112EE0D3-E07A-4B6B-BE23-C503185E9AAD}.Release|Any CPU.ActiveCfg = Release|Any CPU
		{112EE0D3-E07A-4B6B-BE23-C503185E9AAD}.Release|Any CPU.Build.0 = Release|Any CPU
		{B76670E6-B392-4686-8092-11E3DB589B5F}.Debug|Any CPU.ActiveCfg = Debug|Any CPU
		{B76670E6-B392-4686-8092-11E3DB589B5F}.Debug|Any CPU.Build.0 = Debug|Any CPU
		{B76670E6-B392-4686-8092-11E3DB589B5F}.Release|Any CPU.ActiveCfg = Release|Any CPU
		{B76670E6-B392-4686-8092-11E3DB589B5F}.Release|Any CPU.Build.0 = Release|Any CPU
		{8CC4FBF4-7275-4B1C-BCEB-58B1BB95A8EB}.Debug|Any CPU.ActiveCfg = Debug|Any CPU
		{8CC4FBF4-7275-4B1C-BCEB-58B1BB95A8EB}.Debug|Any CPU.Build.0 = Debug|Any CPU
		{8CC4FBF4-7275-4B1C-BCEB-58B1BB95A8EB}.Release|Any CPU.ActiveCfg = Release|Any CPU
		{8CC4FBF4-7275-4B1C-BCEB-58B1BB95A8EB}.Release|Any CPU.Build.0 = Release|Any CPU
		{1480CB1E-53B3-48DC-A83A-E499D6AC3CB2}.Debug|Any CPU.ActiveCfg = Debug|Any CPU
		{1480CB1E-53B3-48DC-A83A-E499D6AC3CB2}.Debug|Any CPU.Build.0 = Debug|Any CPU
		{1480CB1E-53B3-48DC-A83A-E499D6AC3CB2}.Release|Any CPU.ActiveCfg = Release|Any CPU
		{1480CB1E-53B3-48DC-A83A-E499D6AC3CB2}.Release|Any CPU.Build.0 = Release|Any CPU
		{820512FD-9210-4C24-BC2F-C2BB56CDE940}.Debug|Any CPU.ActiveCfg = Debug|Any CPU
		{820512FD-9210-4C24-BC2F-C2BB56CDE940}.Debug|Any CPU.Build.0 = Debug|Any CPU
		{820512FD-9210-4C24-BC2F-C2BB56CDE940}.Release|Any CPU.ActiveCfg = Release|Any CPU
		{820512FD-9210-4C24-BC2F-C2BB56CDE940}.Release|Any CPU.Build.0 = Release|Any CPU
		{7D64B572-8BCD-4D21-BF70-1F4F8D9F63EF}.Debug|Any CPU.ActiveCfg = Debug|Any CPU
		{7D64B572-8BCD-4D21-BF70-1F4F8D9F63EF}.Debug|Any CPU.Build.0 = Debug|Any CPU
		{7D64B572-8BCD-4D21-BF70-1F4F8D9F63EF}.Release|Any CPU.ActiveCfg = Release|Any CPU
		{7D64B572-8BCD-4D21-BF70-1F4F8D9F63EF}.Release|Any CPU.Build.0 = Release|Any CPU
		{289B115E-BB67-4F44-9BC4-D6E1DB2C3B26}.Debug|Any CPU.ActiveCfg = Debug|Any CPU
		{289B115E-BB67-4F44-9BC4-D6E1DB2C3B26}.Debug|Any CPU.Build.0 = Debug|Any CPU
		{289B115E-BB67-4F44-9BC4-D6E1DB2C3B26}.Release|Any CPU.ActiveCfg = Release|Any CPU
		{289B115E-BB67-4F44-9BC4-D6E1DB2C3B26}.Release|Any CPU.Build.0 = Release|Any CPU
		{A288F1CC-E336-4379-A426-066B163A5FC7}.Debug|Any CPU.ActiveCfg = Debug|Any CPU
		{A288F1CC-E336-4379-A426-066B163A5FC7}.Debug|Any CPU.Build.0 = Debug|Any CPU
		{A288F1CC-E336-4379-A426-066B163A5FC7}.Release|Any CPU.ActiveCfg = Release|Any CPU
		{A288F1CC-E336-4379-A426-066B163A5FC7}.Release|Any CPU.Build.0 = Release|Any CPU
		{43A27BF6-25A5-4CD2-8C70-95C5350E562B}.Debug|Any CPU.ActiveCfg = Debug|Any CPU
		{43A27BF6-25A5-4CD2-8C70-95C5350E562B}.Debug|Any CPU.Build.0 = Debug|Any CPU
		{43A27BF6-25A5-4CD2-8C70-95C5350E562B}.Release|Any CPU.ActiveCfg = Release|Any CPU
		{43A27BF6-25A5-4CD2-8C70-95C5350E562B}.Release|Any CPU.Build.0 = Release|Any CPU
		{BD961C32-FD39-4B67-8117-7FFA8AC8E6C2}.Debug|Any CPU.ActiveCfg = Debug|Any CPU
		{BD961C32-FD39-4B67-8117-7FFA8AC8E6C2}.Debug|Any CPU.Build.0 = Debug|Any CPU
		{BD961C32-FD39-4B67-8117-7FFA8AC8E6C2}.Release|Any CPU.ActiveCfg = Release|Any CPU
		{BD961C32-FD39-4B67-8117-7FFA8AC8E6C2}.Release|Any CPU.Build.0 = Release|Any CPU
		{DCF4E030-6FC7-4524-848B-C69A18BD4A34}.Debug|Any CPU.ActiveCfg = Debug|Any CPU
		{DCF4E030-6FC7-4524-848B-C69A18BD4A34}.Debug|Any CPU.Build.0 = Debug|Any CPU
		{DCF4E030-6FC7-4524-848B-C69A18BD4A34}.Release|Any CPU.ActiveCfg = Release|Any CPU
		{DCF4E030-6FC7-4524-848B-C69A18BD4A34}.Release|Any CPU.Build.0 = Release|Any CPU
	EndGlobalSection
	GlobalSection(SolutionProperties) = preSolution
		HideSolutionNode = FALSE
	EndGlobalSection
	GlobalSection(ExtensibilityGlobals) = postSolution
		SolutionGuid = {42862C56-5F25-4F1C-A526-2CCD759040A7}
	EndGlobalSection
EndGlobal
